// !$*UTF8*$!
{
	archiveVersion = 1;
	classes = {
	};
	objectVersion = 54;
	objects = {

/* Begin PBXBuildFile section */
		80DDC42228D321F800EAE567 /* SchoolDetailsViewController.swift in Sources */ = {isa = PBXBuildFile; fileRef = 80DDC42128D321F800EAE567 /* SchoolDetailsViewController.swift */; };
		C09E166B28D31333006E41D6 /* AppDelegate.swift in Sources */ = {isa = PBXBuildFile; fileRef = C09E166A28D31333006E41D6 /* AppDelegate.swift */; };
		C09E166D28D31333006E41D6 /* SceneDelegate.swift in Sources */ = {isa = PBXBuildFile; fileRef = C09E166C28D31333006E41D6 /* SceneDelegate.swift */; };
		C09E166F28D31333006E41D6 /* SchoolsListViewController.swift in Sources */ = {isa = PBXBuildFile; fileRef = C09E166E28D31333006E41D6 /* SchoolsListViewController.swift */; };
		C09E167228D31333006E41D6 /* Main.storyboard in Resources */ = {isa = PBXBuildFile; fileRef = C09E167028D31333006E41D6 /* Main.storyboard */; };
		C09E167428D31333006E41D6 /* Assets.xcassets in Resources */ = {isa = PBXBuildFile; fileRef = C09E167328D31333006E41D6 /* Assets.xcassets */; };
		C09E167728D31333006E41D6 /* LaunchScreen.storyboard in Resources */ = {isa = PBXBuildFile; fileRef = C09E167528D31333006E41D6 /* LaunchScreen.storyboard */; };
		C09E168228D31334006E41D6 /* _0220916_AA_NYCSchoolsTests.swift in Sources */ = {isa = PBXBuildFile; fileRef = C09E168128D31334006E41D6 /* _0220916_AA_NYCSchoolsTests.swift */; };
		C09E168C28D31334006E41D6 /* _0220916_AA_NYCSchoolsUITests.swift in Sources */ = {isa = PBXBuildFile; fileRef = C09E168B28D31334006E41D6 /* _0220916_AA_NYCSchoolsUITests.swift */; };
		C09E168E28D31334006E41D6 /* _0220916_AA_NYCSchoolsUITestsLaunchTests.swift in Sources */ = {isa = PBXBuildFile; fileRef = C09E168D28D31334006E41D6 /* _0220916_AA_NYCSchoolsUITestsLaunchTests.swift */; };
		C09E169E28D31613006E41D6 /* NYCHighSchoolModel.swift in Sources */ = {isa = PBXBuildFile; fileRef = C09E169D28D31613006E41D6 /* NYCHighSchoolModel.swift */; };
		C09E16A128D316E3006E41D6 /* NYCHighSchoolViewModel.swift in Sources */ = {isa = PBXBuildFile; fileRef = C09E16A028D316E3006E41D6 /* NYCHighSchoolViewModel.swift */; };
		C09E16A428D31795006E41D6 /* API.swift in Sources */ = {isa = PBXBuildFile; fileRef = C09E16A328D31795006E41D6 /* API.swift */; };
		C09E16A728D31BEA006E41D6 /* SchoolsListTableViewCell.swift in Sources */ = {isa = PBXBuildFile; fileRef = C09E16A628D31BEA006E41D6 /* SchoolsListTableViewCell.swift */; };
		C09E16AA28D3523C006E41D6 /* SATScoreModel.swift in Sources */ = {isa = PBXBuildFile; fileRef = C09E16A928D3523C006E41D6 /* SATScoreModel.swift */; };
		C09E16AC28D352EC006E41D6 /* SATScoreViewModel.swift in Sources */ = {isa = PBXBuildFile; fileRef = C09E16AB28D352EC006E41D6 /* SATScoreViewModel.swift */; };
/* End PBXBuildFile section */

/* Begin PBXContainerItemProxy section */
		C09E167E28D31334006E41D6 /* PBXContainerItemProxy */ = {
			isa = PBXContainerItemProxy;
			containerPortal = C09E165F28D31333006E41D6 /* Project object */;
			proxyType = 1;
			remoteGlobalIDString = C09E166628D31333006E41D6;
			remoteInfo = "20220916-AA-NYCSchools";
		};
		C09E168828D31334006E41D6 /* PBXContainerItemProxy */ = {
			isa = PBXContainerItemProxy;
			containerPortal = C09E165F28D31333006E41D6 /* Project object */;
			proxyType = 1;
			remoteGlobalIDString = C09E166628D31333006E41D6;
			remoteInfo = "20220916-AA-NYCSchools";
		};
/* End PBXContainerItemProxy section */

/* Begin PBXFileReference section */
		80DDC42128D321F800EAE567 /* SchoolDetailsViewController.swift */ = {isa = PBXFileReference; lastKnownFileType = sourcecode.swift; path = SchoolDetailsViewController.swift; sourceTree = "<group>"; };
		80DDC42328D3758300EAE567 /* README.md */ = {isa = PBXFileReference; lastKnownFileType = net.daringfireball.markdown; path = README.md; sourceTree = "<group>"; };
		C09E166728D31333006E41D6 /* 20220916-AA-NYCSchools.app */ = {isa = PBXFileReference; explicitFileType = wrapper.application; includeInIndex = 0; path = "20220916-AA-NYCSchools.app"; sourceTree = BUILT_PRODUCTS_DIR; };
		C09E166A28D31333006E41D6 /* AppDelegate.swift */ = {isa = PBXFileReference; lastKnownFileType = sourcecode.swift; path = AppDelegate.swift; sourceTree = "<group>"; };
		C09E166C28D31333006E41D6 /* SceneDelegate.swift */ = {isa = PBXFileReference; lastKnownFileType = sourcecode.swift; path = SceneDelegate.swift; sourceTree = "<group>"; };
		C09E166E28D31333006E41D6 /* SchoolsListViewController.swift */ = {isa = PBXFileReference; lastKnownFileType = sourcecode.swift; path = SchoolsListViewController.swift; sourceTree = "<group>"; };
		C09E167128D31333006E41D6 /* Base */ = {isa = PBXFileReference; lastKnownFileType = file.storyboard; name = Base; path = Base.lproj/Main.storyboard; sourceTree = "<group>"; };
		C09E167328D31333006E41D6 /* Assets.xcassets */ = {isa = PBXFileReference; lastKnownFileType = folder.assetcatalog; path = Assets.xcassets; sourceTree = "<group>"; };
		C09E167628D31333006E41D6 /* Base */ = {isa = PBXFileReference; lastKnownFileType = file.storyboard; name = Base; path = Base.lproj/LaunchScreen.storyboard; sourceTree = "<group>"; };
		C09E167828D31333006E41D6 /* Info.plist */ = {isa = PBXFileReference; lastKnownFileType = text.plist.xml; path = Info.plist; sourceTree = "<group>"; };
		C09E167D28D31334006E41D6 /* 20220916-AA-NYCSchoolsTests.xctest */ = {isa = PBXFileReference; explicitFileType = wrapper.cfbundle; includeInIndex = 0; path = "20220916-AA-NYCSchoolsTests.xctest"; sourceTree = BUILT_PRODUCTS_DIR; };
		C09E168128D31334006E41D6 /* _0220916_AA_NYCSchoolsTests.swift */ = {isa = PBXFileReference; lastKnownFileType = sourcecode.swift; path = _0220916_AA_NYCSchoolsTests.swift; sourceTree = "<group>"; };
		C09E168728D31334006E41D6 /* 20220916-AA-NYCSchoolsUITests.xctest */ = {isa = PBXFileReference; explicitFileType = wrapper.cfbundle; includeInIndex = 0; path = "20220916-AA-NYCSchoolsUITests.xctest"; sourceTree = BUILT_PRODUCTS_DIR; };
		C09E168B28D31334006E41D6 /* _0220916_AA_NYCSchoolsUITests.swift */ = {isa = PBXFileReference; lastKnownFileType = sourcecode.swift; path = _0220916_AA_NYCSchoolsUITests.swift; sourceTree = "<group>"; };
		C09E168D28D31334006E41D6 /* _0220916_AA_NYCSchoolsUITestsLaunchTests.swift */ = {isa = PBXFileReference; lastKnownFileType = sourcecode.swift; path = _0220916_AA_NYCSchoolsUITestsLaunchTests.swift; sourceTree = "<group>"; };
		C09E169D28D31613006E41D6 /* NYCHighSchoolModel.swift */ = {isa = PBXFileReference; lastKnownFileType = sourcecode.swift; path = NYCHighSchoolModel.swift; sourceTree = "<group>"; };
		C09E16A028D316E3006E41D6 /* NYCHighSchoolViewModel.swift */ = {isa = PBXFileReference; lastKnownFileType = sourcecode.swift; path = NYCHighSchoolViewModel.swift; sourceTree = "<group>"; };
		C09E16A328D31795006E41D6 /* API.swift */ = {isa = PBXFileReference; lastKnownFileType = sourcecode.swift; path = API.swift; sourceTree = "<group>"; };
		C09E16A628D31BEA006E41D6 /* SchoolsListTableViewCell.swift */ = {isa = PBXFileReference; lastKnownFileType = sourcecode.swift; path = SchoolsListTableViewCell.swift; sourceTree = "<group>"; };
		C09E16A928D3523C006E41D6 /* SATScoreModel.swift */ = {isa = PBXFileReference; lastKnownFileType = sourcecode.swift; path = SATScoreModel.swift; sourceTree = "<group>"; };
		C09E16AB28D352EC006E41D6 /* SATScoreViewModel.swift */ = {isa = PBXFileReference; lastKnownFileType = sourcecode.swift; path = SATScoreViewModel.swift; sourceTree = "<group>"; };
/* End PBXFileReference section */

/* Begin PBXFrameworksBuildPhase section */
		C09E166428D31333006E41D6 /* Frameworks */ = {
			isa = PBXFrameworksBuildPhase;
			buildActionMask = 2147483647;
			files = (
			);
			runOnlyForDeploymentPostprocessing = 0;
		};
		C09E167A28D31334006E41D6 /* Frameworks */ = {
			isa = PBXFrameworksBuildPhase;
			buildActionMask = 2147483647;
			files = (
			);
			runOnlyForDeploymentPostprocessing = 0;
		};
		C09E168428D31334006E41D6 /* Frameworks */ = {
			isa = PBXFrameworksBuildPhase;
			buildActionMask = 2147483647;
			files = (
			);
			runOnlyForDeploymentPostprocessing = 0;
		};
/* End PBXFrameworksBuildPhase section */

/* Begin PBXGroup section */
		C09E165E28D31333006E41D6 = {
			isa = PBXGroup;
			children = (
				80DDC42328D3758300EAE567 /* README.md */,
				C09E166928D31333006E41D6 /* 20220916-AA-NYCSchools */,
				C09E168028D31334006E41D6 /* 20220916-AA-NYCSchoolsTests */,
				C09E168A28D31334006E41D6 /* 20220916-AA-NYCSchoolsUITests */,
				C09E166828D31333006E41D6 /* Products */,
			);
			sourceTree = "<group>";
		};
		C09E166828D31333006E41D6 /* Products */ = {
			isa = PBXGroup;
			children = (
				C09E166728D31333006E41D6 /* 20220916-AA-NYCSchools.app */,
				C09E167D28D31334006E41D6 /* 20220916-AA-NYCSchoolsTests.xctest */,
				C09E168728D31334006E41D6 /* 20220916-AA-NYCSchoolsUITests.xctest */,
			);
			name = Products;
			sourceTree = "<group>";
		};
		C09E166928D31333006E41D6 /* 20220916-AA-NYCSchools */ = {
			isa = PBXGroup;
			children = (
				C09E16A828D31C78006E41D6 /* ViewControllers */,
				C09E16A528D31BC1006E41D6 /* TableViewCells */,
				C09E16A228D31788006E41D6 /* API Services */,
				C09E169F28D316CD006E41D6 /* ViewModels */,
				C09E169C28D315E1006E41D6 /* Models */,
				C09E166A28D31333006E41D6 /* AppDelegate.swift */,
				C09E166C28D31333006E41D6 /* SceneDelegate.swift */,
				C09E167028D31333006E41D6 /* Main.storyboard */,
				C09E167328D31333006E41D6 /* Assets.xcassets */,
				C09E167528D31333006E41D6 /* LaunchScreen.storyboard */,
				C09E167828D31333006E41D6 /* Info.plist */,
			);
			path = "20220916-AA-NYCSchools";
			sourceTree = "<group>";
		};
		C09E168028D31334006E41D6 /* 20220916-AA-NYCSchoolsTests */ = {
			isa = PBXGroup;
			children = (
				C09E168128D31334006E41D6 /* _0220916_AA_NYCSchoolsTests.swift */,
			);
			path = "20220916-AA-NYCSchoolsTests";
			sourceTree = "<group>";
		};
		C09E168A28D31334006E41D6 /* 20220916-AA-NYCSchoolsUITests */ = {
			isa = PBXGroup;
			children = (
				C09E168B28D31334006E41D6 /* _0220916_AA_NYCSchoolsUITests.swift */,
				C09E168D28D31334006E41D6 /* _0220916_AA_NYCSchoolsUITestsLaunchTests.swift */,
			);
			path = "20220916-AA-NYCSchoolsUITests";
			sourceTree = "<group>";
		};
		C09E169C28D315E1006E41D6 /* Models */ = {
			isa = PBXGroup;
			children = (
				C09E169D28D31613006E41D6 /* NYCHighSchoolModel.swift */,
				C09E16A928D3523C006E41D6 /* SATScoreModel.swift */,
			);
			path = Models;
			sourceTree = "<group>";
		};
		C09E169F28D316CD006E41D6 /* ViewModels */ = {
			isa = PBXGroup;
			children = (
				C09E16A028D316E3006E41D6 /* NYCHighSchoolViewModel.swift */,
				C09E16AB28D352EC006E41D6 /* SATScoreViewModel.swift */,
			);
			path = ViewModels;
			sourceTree = "<group>";
		};
		C09E16A228D31788006E41D6 /* API Services */ = {
			isa = PBXGroup;
			children = (
				C09E16A328D31795006E41D6 /* API.swift */,
			);
			path = "API Services";
			sourceTree = "<group>";
		};
		C09E16A528D31BC1006E41D6 /* TableViewCells */ = {
			isa = PBXGroup;
			children = (
				C09E16A628D31BEA006E41D6 /* SchoolsListTableViewCell.swift */,
			);
			path = TableViewCells;
			sourceTree = "<group>";
		};
		C09E16A828D31C78006E41D6 /* ViewControllers */ = {
			isa = PBXGroup;
			children = (
				C09E166E28D31333006E41D6 /* SchoolsListViewController.swift */,
				80DDC42128D321F800EAE567 /* SchoolDetailsViewController.swift */,
			);
			path = ViewControllers;
			sourceTree = "<group>";
		};
/* End PBXGroup section */

/* Begin PBXNativeTarget section */
		C09E166628D31333006E41D6 /* 20220916-AA-NYCSchools */ = {
			isa = PBXNativeTarget;
			buildConfigurationList = C09E169128D31334006E41D6 /* Build configuration list for PBXNativeTarget "20220916-AA-NYCSchools" */;
			buildPhases = (
				C09E166328D31333006E41D6 /* Sources */,
				C09E166428D31333006E41D6 /* Frameworks */,
				C09E166528D31333006E41D6 /* Resources */,
			);
			buildRules = (
			);
			dependencies = (
			);
			name = "20220916-AA-NYCSchools";
			productName = "20220916-AA-NYCSchools";
			productReference = C09E166728D31333006E41D6 /* 20220916-AA-NYCSchools.app */;
			productType = "com.apple.product-type.application";
		};
		C09E167C28D31334006E41D6 /* 20220916-AA-NYCSchoolsTests */ = {
			isa = PBXNativeTarget;
			buildConfigurationList = C09E169428D31334006E41D6 /* Build configuration list for PBXNativeTarget "20220916-AA-NYCSchoolsTests" */;
			buildPhases = (
				C09E167928D31334006E41D6 /* Sources */,
				C09E167A28D31334006E41D6 /* Frameworks */,
				C09E167B28D31334006E41D6 /* Resources */,
			);
			buildRules = (
			);
			dependencies = (
				C09E167F28D31334006E41D6 /* PBXTargetDependency */,
			);
			name = "20220916-AA-NYCSchoolsTests";
			productName = "20220916-AA-NYCSchoolsTests";
			productReference = C09E167D28D31334006E41D6 /* 20220916-AA-NYCSchoolsTests.xctest */;
			productType = "com.apple.product-type.bundle.unit-test";
		};
		C09E168628D31334006E41D6 /* 20220916-AA-NYCSchoolsUITests */ = {
			isa = PBXNativeTarget;
			buildConfigurationList = C09E169728D31334006E41D6 /* Build configuration list for PBXNativeTarget "20220916-AA-NYCSchoolsUITests" */;
			buildPhases = (
				C09E168328D31334006E41D6 /* Sources */,
				C09E168428D31334006E41D6 /* Frameworks */,
				C09E168528D31334006E41D6 /* Resources */,
			);
			buildRules = (
			);
			dependencies = (
				C09E168928D31334006E41D6 /* PBXTargetDependency */,
			);
			name = "20220916-AA-NYCSchoolsUITests";
			productName = "20220916-AA-NYCSchoolsUITests";
			productReference = C09E168728D31334006E41D6 /* 20220916-AA-NYCSchoolsUITests.xctest */;
			productType = "com.apple.product-type.bundle.ui-testing";
		};
/* End PBXNativeTarget section */

/* Begin PBXProject section */
		C09E165F28D31333006E41D6 /* Project object */ = {
			isa = PBXProject;
			attributes = {
				BuildIndependentTargetsInParallel = 1;
				LastSwiftUpdateCheck = 1340;
				LastUpgradeCheck = 1340;
				TargetAttributes = {
					C09E166628D31333006E41D6 = {
						CreatedOnToolsVersion = 13.4.1;
					};
					C09E167C28D31334006E41D6 = {
						CreatedOnToolsVersion = 13.4.1;
						TestTargetID = C09E166628D31333006E41D6;
					};
					C09E168628D31334006E41D6 = {
						CreatedOnToolsVersion = 13.4.1;
						TestTargetID = C09E166628D31333006E41D6;
					};
				};
			};
			buildConfigurationList = C09E166228D31333006E41D6 /* Build configuration list for PBXProject "20220916-AA-NYCSchools" */;
			compatibilityVersion = "Xcode 12.0";
			developmentRegion = en;
			hasScannedForEncodings = 0;
			knownRegions = (
				en,
				Base,
			);
			mainGroup = C09E165E28D31333006E41D6;
			productRefGroup = C09E166828D31333006E41D6 /* Products */;
			projectDirPath = "";
			projectRoot = "";
			targets = (
				C09E166628D31333006E41D6 /* 20220916-AA-NYCSchools */,
				C09E167C28D31334006E41D6 /* 20220916-AA-NYCSchoolsTests */,
				C09E168628D31334006E41D6 /* 20220916-AA-NYCSchoolsUITests */,
			);
		};
/* End PBXProject section */

/* Begin PBXResourcesBuildPhase section */
		C09E166528D31333006E41D6 /* Resources */ = {
			isa = PBXResourcesBuildPhase;
			buildActionMask = 2147483647;
			files = (
				C09E167728D31333006E41D6 /* LaunchScreen.storyboard in Resources */,
				C09E167428D31333006E41D6 /* Assets.xcassets in Resources */,
				C09E167228D31333006E41D6 /* Main.storyboard in Resources */,
			);
			runOnlyForDeploymentPostprocessing = 0;
		};
		C09E167B28D31334006E41D6 /* Resources */ = {
			isa = PBXResourcesBuildPhase;
			buildActionMask = 2147483647;
			files = (
			);
			runOnlyForDeploymentPostprocessing = 0;
		};
		C09E168528D31334006E41D6 /* Resources */ = {
			isa = PBXResourcesBuildPhase;
			buildActionMask = 2147483647;
			files = (
			);
			runOnlyForDeploymentPostprocessing = 0;
		};
/* End PBXResourcesBuildPhase section */

/* Begin PBXSourcesBuildPhase section */
		C09E166328D31333006E41D6 /* Sources */ = {
			isa = PBXSourcesBuildPhase;
			buildActionMask = 2147483647;
			files = (
				C09E166F28D31333006E41D6 /* SchoolsListViewController.swift in Sources */,
				C09E166B28D31333006E41D6 /* AppDelegate.swift in Sources */,
				C09E16AC28D352EC006E41D6 /* SATScoreViewModel.swift in Sources */,
				C09E169E28D31613006E41D6 /* NYCHighSchoolModel.swift in Sources */,
				80DDC42228D321F800EAE567 /* SchoolDetailsViewController.swift in Sources */,
				C09E16AA28D3523C006E41D6 /* SATScoreModel.swift in Sources */,
				C09E16A728D31BEA006E41D6 /* SchoolsListTableViewCell.swift in Sources */,
				C09E16A128D316E3006E41D6 /* NYCHighSchoolViewModel.swift in Sources */,
				C09E16A428D31795006E41D6 /* API.swift in Sources */,
				C09E166D28D31333006E41D6 /* SceneDelegate.swift in Sources */,
			);
			runOnlyForDeploymentPostprocessing = 0;
		};
		C09E167928D31334006E41D6 /* Sources */ = {
			isa = PBXSourcesBuildPhase;
			buildActionMask = 2147483647;
			files = (
				C09E168228D31334006E41D6 /* _0220916_AA_NYCSchoolsTests.swift in Sources */,
			);
			runOnlyForDeploymentPostprocessing = 0;
		};
		C09E168328D31334006E41D6 /* Sources */ = {
			isa = PBXSourcesBuildPhase;
			buildActionMask = 2147483647;
			files = (
				C09E168E28D31334006E41D6 /* _0220916_AA_NYCSchoolsUITestsLaunchTests.swift in Sources */,
				C09E168C28D31334006E41D6 /* _0220916_AA_NYCSchoolsUITests.swift in Sources */,
			);
			runOnlyForDeploymentPostprocessing = 0;
		};
/* End PBXSourcesBuildPhase section */

/* Begin PBXTargetDependency section */
		C09E167F28D31334006E41D6 /* PBXTargetDependency */ = {
			isa = PBXTargetDependency;
			target = C09E166628D31333006E41D6 /* 20220916-AA-NYCSchools */;
			targetProxy = C09E167E28D31334006E41D6 /* PBXContainerItemProxy */;
		};
		C09E168928D31334006E41D6 /* PBXTargetDependency */ = {
			isa = PBXTargetDependency;
			target = C09E166628D31333006E41D6 /* 20220916-AA-NYCSchools */;
			targetProxy = C09E168828D31334006E41D6 /* PBXContainerItemProxy */;
		};
/* End PBXTargetDependency section */

/* Begin PBXVariantGroup section */
		C09E167028D31333006E41D6 /* Main.storyboard */ = {
			isa = PBXVariantGroup;
			children = (
				C09E167128D31333006E41D6 /* Base */,
			);
			name = Main.storyboard;
			sourceTree = "<group>";
		};
		C09E167528D31333006E41D6 /* LaunchScreen.storyboard */ = {
			isa = PBXVariantGroup;
			children = (
				C09E167628D31333006E41D6 /* Base */,
			);
			name = LaunchScreen.storyboard;
			sourceTree = "<group>";
		};
/* End PBXVariantGroup section */

/* Begin XCBuildConfiguration section */
		C09E168F28D31334006E41D6 /* Debug */ = {
			isa = XCBuildConfiguration;
			buildSettings = {
				ALWAYS_SEARCH_USER_PATHS = NO;
				CLANG_ANALYZER_NONNULL = YES;
				CLANG_ANALYZER_NUMBER_OBJECT_CONVERSION = YES_AGGRESSIVE;
				CLANG_CXX_LANGUAGE_STANDARD = "gnu++17";
				CLANG_ENABLE_MODULES = YES;
				CLANG_ENABLE_OBJC_ARC = YES;
				CLANG_ENABLE_OBJC_WEAK = YES;
				CLANG_WARN_BLOCK_CAPTURE_AUTORELEASING = YES;
				CLANG_WARN_BOOL_CONVERSION = YES;
				CLANG_WARN_COMMA = YES;
				CLANG_WARN_CONSTANT_CONVERSION = YES;
				CLANG_WARN_DEPRECATED_OBJC_IMPLEMENTATIONS = YES;
				CLANG_WARN_DIRECT_OBJC_ISA_USAGE = YES_ERROR;
				CLANG_WARN_DOCUMENTATION_COMMENTS = YES;
				CLANG_WARN_EMPTY_BODY = YES;
				CLANG_WARN_ENUM_CONVERSION = YES;
				CLANG_WARN_INFINITE_RECURSION = YES;
				CLANG_WARN_INT_CONVERSION = YES;
				CLANG_WARN_NON_LITERAL_NULL_CONVERSION = YES;
				CLANG_WARN_OBJC_IMPLICIT_RETAIN_SELF = YES;
				CLANG_WARN_OBJC_LITERAL_CONVERSION = YES;
				CLANG_WARN_OBJC_ROOT_CLASS = YES_ERROR;
				CLANG_WARN_QUOTED_INCLUDE_IN_FRAMEWORK_HEADER = YES;
				CLANG_WARN_RANGE_LOOP_ANALYSIS = YES;
				CLANG_WARN_STRICT_PROTOTYPES = YES;
				CLANG_WARN_SUSPICIOUS_MOVE = YES;
				CLANG_WARN_UNGUARDED_AVAILABILITY = YES_AGGRESSIVE;
				CLANG_WARN_UNREACHABLE_CODE = YES;
				CLANG_WARN__DUPLICATE_METHOD_MATCH = YES;
				COPY_PHASE_STRIP = NO;
				DEBUG_INFORMATION_FORMAT = dwarf;
				ENABLE_STRICT_OBJC_MSGSEND = YES;
				ENABLE_TESTABILITY = YES;
				GCC_C_LANGUAGE_STANDARD = gnu11;
				GCC_DYNAMIC_NO_PIC = NO;
				GCC_NO_COMMON_BLOCKS = YES;
				GCC_OPTIMIZATION_LEVEL = 0;
				GCC_PREPROCESSOR_DEFINITIONS = (
					"DEBUG=1",
					"$(inherited)",
				);
				GCC_WARN_64_TO_32_BIT_CONVERSION = YES;
				GCC_WARN_ABOUT_RETURN_TYPE = YES_ERROR;
				GCC_WARN_UNDECLARED_SELECTOR = YES;
				GCC_WARN_UNINITIALIZED_AUTOS = YES_AGGRESSIVE;
				GCC_WARN_UNUSED_FUNCTION = YES;
				GCC_WARN_UNUSED_VARIABLE = YES;
				IPHONEOS_DEPLOYMENT_TARGET = 15.5;
				MTL_ENABLE_DEBUG_INFO = INCLUDE_SOURCE;
				MTL_FAST_MATH = YES;
				ONLY_ACTIVE_ARCH = YES;
				SDKROOT = iphoneos;
				SWIFT_ACTIVE_COMPILATION_CONDITIONS = DEBUG;
				SWIFT_OPTIMIZATION_LEVEL = "-Onone";
			};
			name = Debug;
		};
		C09E169028D31334006E41D6 /* Release */ = {
			isa = XCBuildConfiguration;
			buildSettings = {
				ALWAYS_SEARCH_USER_PATHS = NO;
				CLANG_ANALYZER_NONNULL = YES;
				CLANG_ANALYZER_NUMBER_OBJECT_CONVERSION = YES_AGGRESSIVE;
				CLANG_CXX_LANGUAGE_STANDARD = "gnu++17";
				CLANG_ENABLE_MODULES = YES;
				CLANG_ENABLE_OBJC_ARC = YES;
				CLANG_ENABLE_OBJC_WEAK = YES;
				CLANG_WARN_BLOCK_CAPTURE_AUTORELEASING = YES;
				CLANG_WARN_BOOL_CONVERSION = YES;
				CLANG_WARN_COMMA = YES;
				CLANG_WARN_CONSTANT_CONVERSION = YES;
				CLANG_WARN_DEPRECATED_OBJC_IMPLEMENTATIONS = YES;
				CLANG_WARN_DIRECT_OBJC_ISA_USAGE = YES_ERROR;
				CLANG_WARN_DOCUMENTATION_COMMENTS = YES;
				CLANG_WARN_EMPTY_BODY = YES;
				CLANG_WARN_ENUM_CONVERSION = YES;
				CLANG_WARN_INFINITE_RECURSION = YES;
				CLANG_WARN_INT_CONVERSION = YES;
				CLANG_WARN_NON_LITERAL_NULL_CONVERSION = YES;
				CLANG_WARN_OBJC_IMPLICIT_RETAIN_SELF = YES;
				CLANG_WARN_OBJC_LITERAL_CONVERSION = YES;
				CLANG_WARN_OBJC_ROOT_CLASS = YES_ERROR;
				CLANG_WARN_QUOTED_INCLUDE_IN_FRAMEWORK_HEADER = YES;
				CLANG_WARN_RANGE_LOOP_ANALYSIS = YES;
				CLANG_WARN_STRICT_PROTOTYPES = YES;
				CLANG_WARN_SUSPICIOUS_MOVE = YES;
				CLANG_WARN_UNGUARDED_AVAILABILITY = YES_AGGRESSIVE;
				CLANG_WARN_UNREACHABLE_CODE = YES;
				CLANG_WARN__DUPLICATE_METHOD_MATCH = YES;
				COPY_PHASE_STRIP = NO;
				DEBUG_INFORMATION_FORMAT = "dwarf-with-dsym";
				ENABLE_NS_ASSERTIONS = NO;
				ENABLE_STRICT_OBJC_MSGSEND = YES;
				GCC_C_LANGUAGE_STANDARD = gnu11;
				GCC_NO_COMMON_BLOCKS = YES;
				GCC_WARN_64_TO_32_BIT_CONVERSION = YES;
				GCC_WARN_ABOUT_RETURN_TYPE = YES_ERROR;
				GCC_WARN_UNDECLARED_SELECTOR = YES;
				GCC_WARN_UNINITIALIZED_AUTOS = YES_AGGRESSIVE;
				GCC_WARN_UNUSED_FUNCTION = YES;
				GCC_WARN_UNUSED_VARIABLE = YES;
				IPHONEOS_DEPLOYMENT_TARGET = 15.5;
				MTL_ENABLE_DEBUG_INFO = NO;
				MTL_FAST_MATH = YES;
				SDKROOT = iphoneos;
				SWIFT_COMPILATION_MODE = wholemodule;
				SWIFT_OPTIMIZATION_LEVEL = "-O";
				VALIDATE_PRODUCT = YES;
			};
			name = Release;
		};
		C09E169228D31334006E41D6 /* Debug */ = {
			isa = XCBuildConfiguration;
			buildSettings = {
				ASSETCATALOG_COMPILER_APPICON_NAME = AppIcon;
				ASSETCATALOG_COMPILER_GLOBAL_ACCENT_COLOR_NAME = AccentColor;
				CODE_SIGN_STYLE = Automatic;
				CURRENT_PROJECT_VERSION = 1;
				DEVELOPMENT_TEAM = "";
				GENERATE_INFOPLIST_FILE = YES;
				INFOPLIST_FILE = "20220916-AA-NYCSchools/Info.plist";
				INFOPLIST_KEY_UIApplicationSupportsIndirectInputEvents = YES;
				INFOPLIST_KEY_UILaunchStoryboardName = LaunchScreen;
				INFOPLIST_KEY_UIMainStoryboardFile = Main;
				INFOPLIST_KEY_UISupportedInterfaceOrientations_iPad = "UIInterfaceOrientationPortrait UIInterfaceOrientationPortraitUpsideDown UIInterfaceOrientationLandscapeLeft UIInterfaceOrientationLandscapeRight";
				INFOPLIST_KEY_UISupportedInterfaceOrientations_iPhone = "UIInterfaceOrientationPortrait UIInterfaceOrientationLandscapeLeft UIInterfaceOrientationLandscapeRight";
				IPHONEOS_DEPLOYMENT_TARGET = 14.5;
				LD_RUNPATH_SEARCH_PATHS = (
					"$(inherited)",
					"@executable_path/Frameworks",
				);
				MARKETING_VERSION = 1.0;
				PRODUCT_BUNDLE_IDENTIFIER = "com.ammar.-0220916-AA-NYCSchools";
				PRODUCT_NAME = "$(TARGET_NAME)";
				SWIFT_EMIT_LOC_STRINGS = YES;
				SWIFT_VERSION = 5.0;
				TARGETED_DEVICE_FAMILY = "1,2";
			};
			name = Debug;
		};
		C09E169328D31334006E41D6 /* Release */ = {
			isa = XCBuildConfiguration;
			buildSettings = {
				ASSETCATALOG_COMPILER_APPICON_NAME = AppIcon;
				ASSETCATALOG_COMPILER_GLOBAL_ACCENT_COLOR_NAME = AccentColor;
				CODE_SIGN_STYLE = Automatic;
				CURRENT_PROJECT_VERSION = 1;
				DEVELOPMENT_TEAM = "";
				GENERATE_INFOPLIST_FILE = YES;
				INFOPLIST_FILE = "20220916-AA-NYCSchools/Info.plist";
				INFOPLIST_KEY_UIApplicationSupportsIndirectInputEvents = YES;
				INFOPLIST_KEY_UILaunchStoryboardName = LaunchScreen;
				INFOPLIST_KEY_UIMainStoryboardFile = Main;
				INFOPLIST_KEY_UISupportedInterfaceOrientations_iPad = "UIInterfaceOrientationPortrait UIInterfaceOrientationPortraitUpsideDown UIInterfaceOrientationLandscapeLeft UIInterfaceOrientationLandscapeRight";
				INFOPLIST_KEY_UISupportedInterfaceOrientations_iPhone = "UIInterfaceOrientationPortrait UIInterfaceOrientationLandscapeLeft UIInterfaceOrientationLandscapeRight";
				IPHONEOS_DEPLOYMENT_TARGET = 14.5;
				LD_RUNPATH_SEARCH_PATHS = (
					"$(inherited)",
					"@executable_path/Frameworks",
				);
				MARKETING_VERSION = 1.0;
				PRODUCT_BUNDLE_IDENTIFIER = "com.ammar.-0220916-AA-NYCSchools";
				PRODUCT_NAME = "$(TARGET_NAME)";
				SWIFT_EMIT_LOC_STRINGS = YES;
				SWIFT_VERSION = 5.0;
				TARGETED_DEVICE_FAMILY = "1,2";
			};
			name = Release;
		};
		C09E169528D31334006E41D6 /* Debug */ = {
			isa = XCBuildConfiguration;
			buildSettings = {
				ALWAYS_EMBED_SWIFT_STANDARD_LIBRARIES = YES;
				BUNDLE_LOADER = "$(TEST_HOST)";
				CODE_SIGN_STYLE = Automatic;
				CURRENT_PROJECT_VERSION = 1;
				DEVELOPMENT_TEAM = PH9Y842TMJ;
				GENERATE_INFOPLIST_FILE = YES;
				IPHONEOS_DEPLOYMENT_TARGET = 15.5;
				MARKETING_VERSION = 1.0;
				PRODUCT_BUNDLE_IDENTIFIER = "com.ammar.-0220916-AA-NYCSchoolsTests";
				PRODUCT_NAME = "$(TARGET_NAME)";
				SWIFT_EMIT_LOC_STRINGS = NO;
				SWIFT_VERSION = 5.0;
				TARGETED_DEVICE_FAMILY = "1,2";
				TEST_HOST = "$(BUILT_PRODUCTS_DIR)/20220916-AA-NYCSchools.app/20220916-AA-NYCSchools";
			};
			name = Debug;
		};
		C09E169628D31334006E41D6 /* Release */ = {
			isa = XCBuildConfiguration;
			buildSettings = {
				ALWAYS_EMBED_SWIFT_STANDARD_LIBRARIES = YES;
				BUNDLE_LOADER = "$(TEST_HOST)";
				CODE_SIGN_STYLE = Automatic;
				CURRENT_PROJECT_VERSION = 1;
				DEVELOPMENT_TEAM = PH9Y842TMJ;
				GENERATE_INFOPLIST_FILE = YES;
				IPHONEOS_DEPLOYMENT_TARGET = 15.5;
				MARKETING_VERSION = 1.0;
				PRODUCT_BUNDLE_IDENTIFIER = "com.ammar.-0220916-AA-NYCSchoolsTests";
				PRODUCT_NAME = "$(TARGET_NAME)";
				SWIFT_EMIT_LOC_STRINGS = NO;
				SWIFT_VERSION = 5.0;
				TARGETED_DEVICE_FAMILY = "1,2";
				TEST_HOST = "$(BUILT_PRODUCTS_DIR)/20220916-AA-NYCSchools.app/20220916-AA-NYCSchools";
			};
			name = Release;
		};
		C09E169828D31334006E41D6 /* Debug */ = {
			isa = XCBuildConfiguration;
			buildSettings = {
				ALWAYS_EMBED_SWIFT_STANDARD_LIBRARIES = YES;
				CODE_SIGN_STYLE = Automatic;
				CURRENT_PROJECT_VERSION = 1;
				DEVELOPMENT_TEAM = PH9Y842TMJ;
				GENERATE_INFOPLIST_FILE = YES;
				MARKETING_VERSION = 1.0;
				PRODUCT_BUNDLE_IDENTIFIER = "com.ammar.-0220916-AA-NYCSchoolsUITests";
				PRODUCT_NAME = "$(TARGET_NAME)";
				SWIFT_EMIT_LOC_STRINGS = NO;
				SWIFT_VERSION = 5.0;
				TARGETED_DEVICE_FAMILY = "1,2";
				TEST_TARGET_NAME = "20220916-AA-NYCSchools";
			};
			name = Debug;
		};
		C09E169928D31334006E41D6 /* Release */ = {
			isa = XCBuildConfiguration;
			buildSettings = {
				ALWAYS_EMBED_SWIFT_STANDARD_LIBRARIES = YES;
				CODE_SIGN_STYLE = Automatic;
				CURRENT_PROJECT_VERSION = 1;
				DEVELOPMENT_TEAM = PH9Y842TMJ;
				GENERATE_INFOPLIST_FILE = YES;
				MARKETING_VERSION = 1.0;
				PRODUCT_BUNDLE_IDENTIFIER = "com.ammar.-0220916-AA-NYCSchoolsUITests";
				PRODUCT_NAME = "$(TARGET_NAME)";
				SWIFT_EMIT_LOC_STRINGS = NO;
				SWIFT_VERSION = 5.0;
				TARGETED_DEVICE_FAMILY = "1,2";
				TEST_TARGET_NAME = "20220916-AA-NYCSchools";
			};
			name = Release;
		};
/* End XCBuildConfiguration section */

/* Begin XCConfigurationList section */
		C09E166228D31333006E41D6 /* Build configuration list for PBXProject "20220916-AA-NYCSchools" */ = {
			isa = XCConfigurationList;
			buildConfigurations = (
				C09E168F28D31334006E41D6 /* Debug */,
				C09E169028D31334006E41D6 /* Release */,
			);
			defaultConfigurationIsVisible = 0;
			defaultConfigurationName = Release;
		};
		C09E169128D31334006E41D6 /* Build configuration list for PBXNativeTarget "20220916-AA-NYCSchools" */ = {
			isa = XCConfigurationList;
			buildConfigurations = (
				C09E169228D31334006E41D6 /* Debug */,
				C09E169328D31334006E41D6 /* Release */,
			);
			defaultConfigurationIsVisible = 0;
			defaultConfigurationName = Release;
		};
		C09E169428D31334006E41D6 /* Build configuration list for PBXNativeTarget "20220916-AA-NYCSchoolsTests" */ = {
			isa = XCConfigurationList;
			buildConfigurations = (
				C09E169528D31334006E41D6 /* Debug */,
				C09E169628D31334006E41D6 /* Release */,
			);
			defaultConfigurationIsVisible = 0;
			defaultConfigurationName = Release;
		};
		C09E169728D31334006E41D6 /* Build configuration list for PBXNativeTarget "20220916-AA-NYCSchoolsUITests" */ = {
			isa = XCConfigurationList;
			buildConfigurations = (
				C09E169828D31334006E41D6 /* Debug */,
				C09E169928D31334006E41D6 /* Release */,
			);
			defaultConfigurationIsVisible = 0;
			defaultConfigurationName = Release;
		};
/* End XCConfigurationList section */
	};
	rootObject = C09E165F28D31333006E41D6 /* Project object */;
}
